// !$*UTF8*$!
{
	archiveVersion = 1;
	classes = {
	};
	objectVersion = 55;
	objects = {

/* Begin PBXBuildFile section */
		CB2E33D828E34D6E0073FF5A /* AppDelegate.swift in Sources */ = {isa = PBXBuildFile; fileRef = CB2E33D728E34D6E0073FF5A /* AppDelegate.swift */; };
		CB2E33DA28E34D6E0073FF5A /* SceneDelegate.swift in Sources */ = {isa = PBXBuildFile; fileRef = CB2E33D928E34D6E0073FF5A /* SceneDelegate.swift */; };
		CB2E33DC28E34D6E0073FF5A /* ViewController.swift in Sources */ = {isa = PBXBuildFile; fileRef = CB2E33DB28E34D6E0073FF5A /* ViewController.swift */; };
		CB2E33DF28E34D6E0073FF5A /* Main.storyboard in Resources */ = {isa = PBXBuildFile; fileRef = CB2E33DD28E34D6E0073FF5A /* Main.storyboard */; };
		CB2E33E128E34D700073FF5A /* Assets.xcassets in Resources */ = {isa = PBXBuildFile; fileRef = CB2E33E028E34D700073FF5A /* Assets.xcassets */; };
		CB2E33E428E34D700073FF5A /* LaunchScreen.storyboard in Resources */ = {isa = PBXBuildFile; fileRef = CB2E33E228E34D700073FF5A /* LaunchScreen.storyboard */; };
		CB2E33EF28E34D710073FF5A /* NotesTests.swift in Sources */ = {isa = PBXBuildFile; fileRef = CB2E33EE28E34D710073FF5A /* NotesTests.swift */; };
		CB2E33F928E34D710073FF5A /* NotesUITests.swift in Sources */ = {isa = PBXBuildFile; fileRef = CB2E33F828E34D710073FF5A /* NotesUITests.swift */; };
		CB2E33FB28E34D710073FF5A /* NotesUITestsLaunchTests.swift in Sources */ = {isa = PBXBuildFile; fileRef = CB2E33FA28E34D710073FF5A /* NotesUITestsLaunchTests.swift */; };
		CB2E340828E38B460073FF5A /* postmanfile.json in Resources */ = {isa = PBXBuildFile; fileRef = CB2E340728E38B460073FF5A /* postmanfile.json */; };
/* End PBXBuildFile section */

/* Begin PBXContainerItemProxy section */
		CB2E33EB28E34D710073FF5A /* PBXContainerItemProxy */ = {
			isa = PBXContainerItemProxy;
			containerPortal = CB2E33CC28E34D6E0073FF5A /* Project object */;
			proxyType = 1;
			remoteGlobalIDString = CB2E33D328E34D6E0073FF5A;
			remoteInfo = Notes;
		};
		CB2E33F528E34D710073FF5A /* PBXContainerItemProxy */ = {
			isa = PBXContainerItemProxy;
			containerPortal = CB2E33CC28E34D6E0073FF5A /* Project object */;
			proxyType = 1;
			remoteGlobalIDString = CB2E33D328E34D6E0073FF5A;
			remoteInfo = Notes;
		};
/* End PBXContainerItemProxy section */

/* Begin PBXFileReference section */
		CB2E33D428E34D6E0073FF5A /* Notes.app */ = {isa = PBXFileReference; explicitFileType = wrapper.application; includeInIndex = 0; path = Notes.app; sourceTree = BUILT_PRODUCTS_DIR; };
		CB2E33D728E34D6E0073FF5A /* AppDelegate.swift */ = {isa = PBXFileReference; lastKnownFileType = sourcecode.swift; path = AppDelegate.swift; sourceTree = "<group>"; };
		CB2E33D928E34D6E0073FF5A /* SceneDelegate.swift */ = {isa = PBXFileReference; lastKnownFileType = sourcecode.swift; path = SceneDelegate.swift; sourceTree = "<group>"; };
		CB2E33DB28E34D6E0073FF5A /* ViewController.swift */ = {isa = PBXFileReference; lastKnownFileType = sourcecode.swift; path = ViewController.swift; sourceTree = "<group>"; };
		CB2E33DE28E34D6E0073FF5A /* Base */ = {isa = PBXFileReference; lastKnownFileType = file.storyboard; name = Base; path = Base.lproj/Main.storyboard; sourceTree = "<group>"; };
		CB2E33E028E34D700073FF5A /* Assets.xcassets */ = {isa = PBXFileReference; lastKnownFileType = folder.assetcatalog; path = Assets.xcassets; sourceTree = "<group>"; };
		CB2E33E328E34D700073FF5A /* Base */ = {isa = PBXFileReference; lastKnownFileType = file.storyboard; name = Base; path = Base.lproj/LaunchScreen.storyboard; sourceTree = "<group>"; };
		CB2E33E528E34D700073FF5A /* Info.plist */ = {isa = PBXFileReference; lastKnownFileType = text.plist.xml; path = Info.plist; sourceTree = "<group>"; };
		CB2E33EA28E34D710073FF5A /* NotesTests.xctest */ = {isa = PBXFileReference; explicitFileType = wrapper.cfbundle; includeInIndex = 0; path = NotesTests.xctest; sourceTree = BUILT_PRODUCTS_DIR; };
		CB2E33EE28E34D710073FF5A /* NotesTests.swift */ = {isa = PBXFileReference; lastKnownFileType = sourcecode.swift; path = NotesTests.swift; sourceTree = "<group>"; };
		CB2E33F428E34D710073FF5A /* NotesUITests.xctest */ = {isa = PBXFileReference; explicitFileType = wrapper.cfbundle; includeInIndex = 0; path = NotesUITests.xctest; sourceTree = BUILT_PRODUCTS_DIR; };
		CB2E33F828E34D710073FF5A /* NotesUITests.swift */ = {isa = PBXFileReference; lastKnownFileType = sourcecode.swift; path = NotesUITests.swift; sourceTree = "<group>"; };
		CB2E33FA28E34D710073FF5A /* NotesUITestsLaunchTests.swift */ = {isa = PBXFileReference; lastKnownFileType = sourcecode.swift; path = NotesUITestsLaunchTests.swift; sourceTree = "<group>"; };
		CB2E340728E38B460073FF5A /* postmanfile.json */ = {isa = PBXFileReference; lastKnownFileType = text.json; name = postmanfile.json; path = ../../postmanfile.json; sourceTree = "<group>"; };
/* End PBXFileReference section */

/* Begin PBXFrameworksBuildPhase section */
		CB2E33D128E34D6E0073FF5A /* Frameworks */ = {
			isa = PBXFrameworksBuildPhase;
			buildActionMask = 2147483647;
			files = (
			);
			runOnlyForDeploymentPostprocessing = 0;
		};
		CB2E33E728E34D710073FF5A /* Frameworks */ = {
			isa = PBXFrameworksBuildPhase;
			buildActionMask = 2147483647;
			files = (
			);
			runOnlyForDeploymentPostprocessing = 0;
		};
		CB2E33F128E34D710073FF5A /* Frameworks */ = {
			isa = PBXFrameworksBuildPhase;
			buildActionMask = 2147483647;
			files = (
			);
			runOnlyForDeploymentPostprocessing = 0;
		};
/* End PBXFrameworksBuildPhase section */

/* Begin PBXGroup section */
		CB2E33CB28E34D6E0073FF5A = {
			isa = PBXGroup;
			children = (
				CB2E340728E38B460073FF5A /* postmanfile.json */,
				CB2E33D628E34D6E0073FF5A /* Notes */,
				CB2E33ED28E34D710073FF5A /* NotesTests */,
				CB2E33F728E34D710073FF5A /* NotesUITests */,
				CB2E33D528E34D6E0073FF5A /* Products */,
			);
			sourceTree = "<group>";
		};
		CB2E33D528E34D6E0073FF5A /* Products */ = {
			isa = PBXGroup;
			children = (
				CB2E33D428E34D6E0073FF5A /* Notes.app */,
				CB2E33EA28E34D710073FF5A /* NotesTests.xctest */,
				CB2E33F428E34D710073FF5A /* NotesUITests.xctest */,
			);
			name = Products;
			sourceTree = "<group>";
		};
		CB2E33D628E34D6E0073FF5A /* Notes */ = {
			isa = PBXGroup;
			children = (
				CB2E33D728E34D6E0073FF5A /* AppDelegate.swift */,
				CB2E33D928E34D6E0073FF5A /* SceneDelegate.swift */,
				CB2E33DB28E34D6E0073FF5A /* ViewController.swift */,
				CB2E33DD28E34D6E0073FF5A /* Main.storyboard */,
				CB2E33E028E34D700073FF5A /* Assets.xcassets */,
				CB2E33E228E34D700073FF5A /* LaunchScreen.storyboard */,
				CB2E33E528E34D700073FF5A /* Info.plist */,
			);
			path = Notes;
			sourceTree = "<group>";
		};
		CB2E33ED28E34D710073FF5A /* NotesTests */ = {
			isa = PBXGroup;
			children = (
				CB2E33EE28E34D710073FF5A /* NotesTests.swift */,
			);
			path = NotesTests;
			sourceTree = "<group>";
		};
		CB2E33F728E34D710073FF5A /* NotesUITests */ = {
			isa = PBXGroup;
			children = (
				CB2E33F828E34D710073FF5A /* NotesUITests.swift */,
				CB2E33FA28E34D710073FF5A /* NotesUITestsLaunchTests.swift */,
			);
			path = NotesUITests;
			sourceTree = "<group>";
		};
/* End PBXGroup section */

/* Begin PBXNativeTarget section */
		CB2E33D328E34D6E0073FF5A /* Notes */ = {
			isa = PBXNativeTarget;
			buildConfigurationList = CB2E33FE28E34D710073FF5A /* Build configuration list for PBXNativeTarget "Notes" */;
			buildPhases = (
				CB2E33D028E34D6E0073FF5A /* Sources */,
				CB2E33D128E34D6E0073FF5A /* Frameworks */,
				CB2E33D228E34D6E0073FF5A /* Resources */,
			);
			buildRules = (
			);
			dependencies = (
			);
			name = Notes;
			productName = Notes;
			productReference = CB2E33D428E34D6E0073FF5A /* Notes.app */;
			productType = "com.apple.product-type.application";
		};
		CB2E33E928E34D710073FF5A /* NotesTests */ = {
			isa = PBXNativeTarget;
			buildConfigurationList = CB2E340128E34D710073FF5A /* Build configuration list for PBXNativeTarget "NotesTests" */;
			buildPhases = (
				CB2E33E628E34D710073FF5A /* Sources */,
				CB2E33E728E34D710073FF5A /* Frameworks */,
				CB2E33E828E34D710073FF5A /* Resources */,
			);
			buildRules = (
			);
			dependencies = (
				CB2E33EC28E34D710073FF5A /* PBXTargetDependency */,
			);
			name = NotesTests;
			productName = NotesTests;
			productReference = CB2E33EA28E34D710073FF5A /* NotesTests.xctest */;
			productType = "com.apple.product-type.bundle.unit-test";
		};
		CB2E33F328E34D710073FF5A /* NotesUITests */ = {
			isa = PBXNativeTarget;
			buildConfigurationList = CB2E340428E34D710073FF5A /* Build configuration list for PBXNativeTarget "NotesUITests" */;
			buildPhases = (
				CB2E33F028E34D710073FF5A /* Sources */,
				CB2E33F128E34D710073FF5A /* Frameworks */,
				CB2E33F228E34D710073FF5A /* Resources */,
			);
			buildRules = (
			);
			dependencies = (
				CB2E33F628E34D710073FF5A /* PBXTargetDependency */,
			);
			name = NotesUITests;
			productName = NotesUITests;
			productReference = CB2E33F428E34D710073FF5A /* NotesUITests.xctest */;
			productType = "com.apple.product-type.bundle.ui-testing";
		};
/* End PBXNativeTarget section */

/* Begin PBXProject section */
		CB2E33CC28E34D6E0073FF5A /* Project object */ = {
			isa = PBXProject;
			attributes = {
				BuildIndependentTargetsInParallel = 1;
				LastSwiftUpdateCheck = 1320;
				LastUpgradeCheck = 1320;
				TargetAttributes = {
					CB2E33D328E34D6E0073FF5A = {
						CreatedOnToolsVersion = 13.2.1;
					};
					CB2E33E928E34D710073FF5A = {
						CreatedOnToolsVersion = 13.2.1;
						TestTargetID = CB2E33D328E34D6E0073FF5A;
					};
					CB2E33F328E34D710073FF5A = {
						CreatedOnToolsVersion = 13.2.1;
						TestTargetID = CB2E33D328E34D6E0073FF5A;
					};
				};
			};
			buildConfigurationList = CB2E33CF28E34D6E0073FF5A /* Build configuration list for PBXProject "Notes" */;
			compatibilityVersion = "Xcode 13.0";
			developmentRegion = en;
			hasScannedForEncodings = 0;
			knownRegions = (
				en,
				Base,
			);
			mainGroup = CB2E33CB28E34D6E0073FF5A;
			productRefGroup = CB2E33D528E34D6E0073FF5A /* Products */;
			projectDirPath = "";
			projectRoot = "";
			targets = (
				CB2E33D328E34D6E0073FF5A /* Notes */,
				CB2E33E928E34D710073FF5A /* NotesTests */,
				CB2E33F328E34D710073FF5A /* NotesUITests */,
			);
		};
/* End PBXProject section */

/* Begin PBXResourcesBuildPhase section */
		CB2E33D228E34D6E0073FF5A /* Resources */ = {
			isa = PBXResourcesBuildPhase;
			buildActionMask = 2147483647;
			files = (
				CB2E33E428E34D700073FF5A /* LaunchScreen.storyboard in Resources */,
				CB2E33E128E34D700073FF5A /* Assets.xcassets in Resources */,
				CB2E340828E38B460073FF5A /* postmanfile.json in Resources */,
				CB2E33DF28E34D6E0073FF5A /* Main.storyboard in Resources */,
			);
			runOnlyForDeploymentPostprocessing = 0;
		};
		CB2E33E828E34D710073FF5A /* Resources */ = {
			isa = PBXResourcesBuildPhase;
			buildActionMask = 2147483647;
			files = (
			);
			runOnlyForDeploymentPostprocessing = 0;
		};
		CB2E33F228E34D710073FF5A /* Resources */ = {
			isa = PBXResourcesBuildPhase;
			buildActionMask = 2147483647;
			files = (
			);
			runOnlyForDeploymentPostprocessing = 0;
		};
/* End PBXResourcesBuildPhase section */

/* Begin PBXSourcesBuildPhase section */
		CB2E33D028E34D6E0073FF5A /* Sources */ = {
			isa = PBXSourcesBuildPhase;
			buildActionMask = 2147483647;
			files = (
				CB2E33DC28E34D6E0073FF5A /* ViewController.swift in Sources */,
				CB2E33D828E34D6E0073FF5A /* AppDelegate.swift in Sources */,
				CB2E33DA28E34D6E0073FF5A /* SceneDelegate.swift in Sources */,
			);
			runOnlyForDeploymentPostprocessing = 0;
		};
		CB2E33E628E34D710073FF5A /* Sources */ = {
			isa = PBXSourcesBuildPhase;
			buildActionMask = 2147483647;
			files = (
				CB2E33EF28E34D710073FF5A /* NotesTests.swift in Sources */,
			);
			runOnlyForDeploymentPostprocessing = 0;
		};
		CB2E33F028E34D710073FF5A /* Sources */ = {
			isa = PBXSourcesBuildPhase;
			buildActionMask = 2147483647;
			files = (
				CB2E33FB28E34D710073FF5A /* NotesUITestsLaunchTests.swift in Sources */,
				CB2E33F928E34D710073FF5A /* NotesUITests.swift in Sources */,
			);
			runOnlyForDeploymentPostprocessing = 0;
		};
/* End PBXSourcesBuildPhase section */

/* Begin PBXTargetDependency section */
		CB2E33EC28E34D710073FF5A /* PBXTargetDependency */ = {
			isa = PBXTargetDependency;
			target = CB2E33D328E34D6E0073FF5A /* Notes */;
			targetProxy = CB2E33EB28E34D710073FF5A /* PBXContainerItemProxy */;
		};
		CB2E33F628E34D710073FF5A /* PBXTargetDependency */ = {
			isa = PBXTargetDependency;
			target = CB2E33D328E34D6E0073FF5A /* Notes */;
			targetProxy = CB2E33F528E34D710073FF5A /* PBXContainerItemProxy */;
		};
/* End PBXTargetDependency section */

/* Begin PBXVariantGroup section */
		CB2E33DD28E34D6E0073FF5A /* Main.storyboard */ = {
			isa = PBXVariantGroup;
			children = (
				CB2E33DE28E34D6E0073FF5A /* Base */,
			);
			name = Main.storyboard;
			sourceTree = "<group>";
		};
		CB2E33E228E34D700073FF5A /* LaunchScreen.storyboard */ = {
			isa = PBXVariantGroup;
			children = (
				CB2E33E328E34D700073FF5A /* Base */,
			);
			name = LaunchScreen.storyboard;
			sourceTree = "<group>";
		};
/* End PBXVariantGroup section */

/* Begin XCBuildConfiguration section */
		CB2E33FC28E34D710073FF5A /* Debug */ = {
			isa = XCBuildConfiguration;
			buildSettings = {
				ALWAYS_SEARCH_USER_PATHS = NO;
				CLANG_ANALYZER_NONNULL = YES;
				CLANG_ANALYZER_NUMBER_OBJECT_CONVERSION = YES_AGGRESSIVE;
				CLANG_CXX_LANGUAGE_STANDARD = "gnu++17";
				CLANG_CXX_LIBRARY = "libc++";
				CLANG_ENABLE_MODULES = YES;
				CLANG_ENABLE_OBJC_ARC = YES;
				CLANG_ENABLE_OBJC_WEAK = YES;
				CLANG_WARN_BLOCK_CAPTURE_AUTORELEASING = YES;
				CLANG_WARN_BOOL_CONVERSION = YES;
				CLANG_WARN_COMMA = YES;
				CLANG_WARN_CONSTANT_CONVERSION = YES;
				CLANG_WARN_DEPRECATED_OBJC_IMPLEMENTATIONS = YES;
				CLANG_WARN_DIRECT_OBJC_ISA_USAGE = YES_ERROR;
				CLANG_WARN_DOCUMENTATION_COMMENTS = YES;
				CLANG_WARN_EMPTY_BODY = YES;
				CLANG_WARN_ENUM_CONVERSION = YES;
				CLANG_WARN_INFINITE_RECURSION = YES;
				CLANG_WARN_INT_CONVERSION = YES;
				CLANG_WARN_NON_LITERAL_NULL_CONVERSION = YES;
				CLANG_WARN_OBJC_IMPLICIT_RETAIN_SELF = YES;
				CLANG_WARN_OBJC_LITERAL_CONVERSION = YES;
				CLANG_WARN_OBJC_ROOT_CLASS = YES_ERROR;
				CLANG_WARN_QUOTED_INCLUDE_IN_FRAMEWORK_HEADER = YES;
				CLANG_WARN_RANGE_LOOP_ANALYSIS = YES;
				CLANG_WARN_STRICT_PROTOTYPES = YES;
				CLANG_WARN_SUSPICIOUS_MOVE = YES;
				CLANG_WARN_UNGUARDED_AVAILABILITY = YES_AGGRESSIVE;
				CLANG_WARN_UNREACHABLE_CODE = YES;
				CLANG_WARN__DUPLICATE_METHOD_MATCH = YES;
				COPY_PHASE_STRIP = NO;
				DEBUG_INFORMATION_FORMAT = dwarf;
				ENABLE_STRICT_OBJC_MSGSEND = YES;
				ENABLE_TESTABILITY = YES;
				GCC_C_LANGUAGE_STANDARD = gnu11;
				GCC_DYNAMIC_NO_PIC = NO;
				GCC_NO_COMMON_BLOCKS = YES;
				GCC_OPTIMIZATION_LEVEL = 0;
				GCC_PREPROCESSOR_DEFINITIONS = (
					"DEBUG=1",
					"$(inherited)",
				);
				GCC_WARN_64_TO_32_BIT_CONVERSION = YES;
				GCC_WARN_ABOUT_RETURN_TYPE = YES_ERROR;
				GCC_WARN_UNDECLARED_SELECTOR = YES;
				GCC_WARN_UNINITIALIZED_AUTOS = YES_AGGRESSIVE;
				GCC_WARN_UNUSED_FUNCTION = YES;
				GCC_WARN_UNUSED_VARIABLE = YES;
				IPHONEOS_DEPLOYMENT_TARGET = 15.2;
				MTL_ENABLE_DEBUG_INFO = INCLUDE_SOURCE;
				MTL_FAST_MATH = YES;
				ONLY_ACTIVE_ARCH = YES;
				SDKROOT = iphoneos;
				SWIFT_ACTIVE_COMPILATION_CONDITIONS = DEBUG;
				SWIFT_OPTIMIZATION_LEVEL = "-Onone";
			};
			name = Debug;
		};
		CB2E33FD28E34D710073FF5A /* Release */ = {
			isa = XCBuildConfiguration;
			buildSettings = {
				ALWAYS_SEARCH_USER_PATHS = NO;
				CLANG_ANALYZER_NONNULL = YES;
				CLANG_ANALYZER_NUMBER_OBJECT_CONVERSION = YES_AGGRESSIVE;
				CLANG_CXX_LANGUAGE_STANDARD = "gnu++17";
				CLANG_CXX_LIBRARY = "libc++";
				CLANG_ENABLE_MODULES = YES;
				CLANG_ENABLE_OBJC_ARC = YES;
				CLANG_ENABLE_OBJC_WEAK = YES;
				CLANG_WARN_BLOCK_CAPTURE_AUTORELEASING = YES;
				CLANG_WARN_BOOL_CONVERSION = YES;
				CLANG_WARN_COMMA = YES;
				CLANG_WARN_CONSTANT_CONVERSION = YES;
				CLANG_WARN_DEPRECATED_OBJC_IMPLEMENTATIONS = YES;
				CLANG_WARN_DIRECT_OBJC_ISA_USAGE = YES_ERROR;
				CLANG_WARN_DOCUMENTATION_COMMENTS = YES;
				CLANG_WARN_EMPTY_BODY = YES;
				CLANG_WARN_ENUM_CONVERSION = YES;
				CLANG_WARN_INFINITE_RECURSION = YES;
				CLANG_WARN_INT_CONVERSION = YES;
				CLANG_WARN_NON_LITERAL_NULL_CONVERSION = YES;
				CLANG_WARN_OBJC_IMPLICIT_RETAIN_SELF = YES;
				CLANG_WARN_OBJC_LITERAL_CONVERSION = YES;
				CLANG_WARN_OBJC_ROOT_CLASS = YES_ERROR;
				CLANG_WARN_QUOTED_INCLUDE_IN_FRAMEWORK_HEADER = YES;
				CLANG_WARN_RANGE_LOOP_ANALYSIS = YES;
				CLANG_WARN_STRICT_PROTOTYPES = YES;
				CLANG_WARN_SUSPICIOUS_MOVE = YES;
				CLANG_WARN_UNGUARDED_AVAILABILITY = YES_AGGRESSIVE;
				CLANG_WARN_UNREACHABLE_CODE = YES;
				CLANG_WARN__DUPLICATE_METHOD_MATCH = YES;
				COPY_PHASE_STRIP = NO;
				DEBUG_INFORMATION_FORMAT = "dwarf-with-dsym";
				ENABLE_NS_ASSERTIONS = NO;
				ENABLE_STRICT_OBJC_MSGSEND = YES;
				GCC_C_LANGUAGE_STANDARD = gnu11;
				GCC_NO_COMMON_BLOCKS = YES;
				GCC_WARN_64_TO_32_BIT_CONVERSION = YES;
				GCC_WARN_ABOUT_RETURN_TYPE = YES_ERROR;
				GCC_WARN_UNDECLARED_SELECTOR = YES;
				GCC_WARN_UNINITIALIZED_AUTOS = YES_AGGRESSIVE;
				GCC_WARN_UNUSED_FUNCTION = YES;
				GCC_WARN_UNUSED_VARIABLE = YES;
				IPHONEOS_DEPLOYMENT_TARGET = 15.2;
				MTL_ENABLE_DEBUG_INFO = NO;
				MTL_FAST_MATH = YES;
				SDKROOT = iphoneos;
				SWIFT_COMPILATION_MODE = wholemodule;
				SWIFT_OPTIMIZATION_LEVEL = "-O";
				VALIDATE_PRODUCT = YES;
			};
			name = Release;
		};
		CB2E33FF28E34D710073FF5A /* Debug */ = {
			isa = XCBuildConfiguration;
			buildSettings = {
				ASSETCATALOG_COMPILER_APPICON_NAME = AppIcon;
				ASSETCATALOG_COMPILER_GLOBAL_ACCENT_COLOR_NAME = AccentColor;
				CODE_SIGN_STYLE = Automatic;
				CURRENT_PROJECT_VERSION = 1;
				GENERATE_INFOPLIST_FILE = YES;
				INFOPLIST_FILE = Notes/Info.plist;
				INFOPLIST_KEY_UIApplicationSupportsIndirectInputEvents = YES;
				INFOPLIST_KEY_UILaunchStoryboardName = LaunchScreen;
				INFOPLIST_KEY_UIMainStoryboardFile = Main;
				INFOPLIST_KEY_UISupportedInterfaceOrientations_iPad = "UIInterfaceOrientationPortrait UIInterfaceOrientationPortraitUpsideDown UIInterfaceOrientationLandscapeLeft UIInterfaceOrientationLandscapeRight";
				INFOPLIST_KEY_UISupportedInterfaceOrientations_iPhone = "UIInterfaceOrientationPortrait UIInterfaceOrientationLandscapeLeft UIInterfaceOrientationLandscapeRight";
				LD_RUNPATH_SEARCH_PATHS = (
					"$(inherited)",
					"@executable_path/Frameworks",
				);
				MARKETING_VERSION = 1.0;
				PRODUCT_BUNDLE_IDENTIFIER = ca.notesapp.Notes;
				PRODUCT_NAME = "$(TARGET_NAME)";
				SWIFT_EMIT_LOC_STRINGS = YES;
				SWIFT_VERSION = 5.0;
				TARGETED_DEVICE_FAMILY = "1,2";
			};
			name = Debug;
		};
		CB2E340028E34D710073FF5A /* Release */ = {
			isa = XCBuildConfiguration;
			buildSettings = {
				ASSETCATALOG_COMPILER_APPICON_NAME = AppIcon;
				ASSETCATALOG_COMPILER_GLOBAL_ACCENT_COLOR_NAME = AccentColor;
				CODE_SIGN_STYLE = Automatic;
				CURRENT_PROJECT_VERSION = 1;
				GENERATE_INFOPLIST_FILE = YES;
				INFOPLIST_FILE = Notes/Info.plist;
				INFOPLIST_KEY_UIApplicationSupportsIndirectInputEvents = YES;
				INFOPLIST_KEY_UILaunchStoryboardName = LaunchScreen;
				INFOPLIST_KEY_UIMainStoryboardFile = Main;
				INFOPLIST_KEY_UISupportedInterfaceOrientations_iPad = "UIInterfaceOrientationPortrait UIInterfaceOrientationPortraitUpsideDown UIInterfaceOrientationLandscapeLeft UIInterfaceOrientationLandscapeRight";
				INFOPLIST_KEY_UISupportedInterfaceOrientations_iPhone = "UIInterfaceOrientationPortrait UIInterfaceOrientationLandscapeLeft UIInterfaceOrientationLandscapeRight";
				LD_RUNPATH_SEARCH_PATHS = (
					"$(inherited)",
					"@executable_path/Frameworks",
				);
				MARKETING_VERSION = 1.0;
				PRODUCT_BUNDLE_IDENTIFIER = ca.notesapp.Notes;
				PRODUCT_NAME = "$(TARGET_NAME)";
				SWIFT_EMIT_LOC_STRINGS = YES;
				SWIFT_VERSION = 5.0;
				TARGETED_DEVICE_FAMILY = "1,2";
			};
			name = Release;
		};
		CB2E340228E34D710073FF5A /* Debug */ = {
			isa = XCBuildConfiguration;
			buildSettings = {
				ALWAYS_EMBED_SWIFT_STANDARD_LIBRARIES = YES;
				BUNDLE_LOADER = "$(TEST_HOST)";
				CODE_SIGN_STYLE = Automatic;
				CURRENT_PROJECT_VERSION = 1;
				GENERATE_INFOPLIST_FILE = YES;
				IPHONEOS_DEPLOYMENT_TARGET = 15.2;
				MARKETING_VERSION = 1.0;
				PRODUCT_BUNDLE_IDENTIFIER = ca.notesapp.NotesTests;
				PRODUCT_NAME = "$(TARGET_NAME)";
				SWIFT_EMIT_LOC_STRINGS = NO;
				SWIFT_VERSION = 5.0;
				TARGETED_DEVICE_FAMILY = "1,2";
				TEST_HOST = "$(BUILT_PRODUCTS_DIR)/Notes.app/Notes";
			};
			name = Debug;
		};
		CB2E340328E34D710073FF5A /* Release */ = {
			isa = XCBuildConfiguration;
			buildSettings = {
				ALWAYS_EMBED_SWIFT_STANDARD_LIBRARIES = YES;
				BUNDLE_LOADER = "$(TEST_HOST)";
				CODE_SIGN_STYLE = Automatic;
				CURRENT_PROJECT_VERSION = 1;
				GENERATE_INFOPLIST_FILE = YES;
				IPHONEOS_DEPLOYMENT_TARGET = 15.2;
				MARKETING_VERSION = 1.0;
				PRODUCT_BUNDLE_IDENTIFIER = ca.notesapp.NotesTests;
				PRODUCT_NAME = "$(TARGET_NAME)";
				SWIFT_EMIT_LOC_STRINGS = NO;
				SWIFT_VERSION = 5.0;
				TARGETED_DEVICE_FAMILY = "1,2";
				TEST_HOST = "$(BUILT_PRODUCTS_DIR)/Notes.app/Notes";
			};
			name = Release;
		};
		CB2E340528E34D710073FF5A /* Debug */ = {
			isa = XCBuildConfiguration;
			buildSettings = {
				ALWAYS_EMBED_SWIFT_STANDARD_LIBRARIES = YES;
				CODE_SIGN_STYLE = Automatic;
				CURRENT_PROJECT_VERSION = 1;
				GENERATE_INFOPLIST_FILE = YES;
				MARKETING_VERSION = 1.0;
				PRODUCT_BUNDLE_IDENTIFIER = ca.notesapp.NotesUITests;
				PRODUCT_NAME = "$(TARGET_NAME)";
				SWIFT_EMIT_LOC_STRINGS = NO;
				SWIFT_VERSION = 5.0;
				TARGETED_DEVICE_FAMILY = "1,2";
				TEST_TARGET_NAME = Notes;
			};
			name = Debug;
		};
		CB2E340628E34D710073FF5A /* Release */ = {
			isa = XCBuildConfiguration;
			buildSettings = {
				ALWAYS_EMBED_SWIFT_STANDARD_LIBRARIES = YES;
				CODE_SIGN_STYLE = Automatic;
				CURRENT_PROJECT_VERSION = 1;
				GENERATE_INFOPLIST_FILE = YES;
				MARKETING_VERSION = 1.0;
				PRODUCT_BUNDLE_IDENTIFIER = ca.notesapp.NotesUITests;
				PRODUCT_NAME = "$(TARGET_NAME)";
				SWIFT_EMIT_LOC_STRINGS = NO;
				SWIFT_VERSION = 5.0;
				TARGETED_DEVICE_FAMILY = "1,2";
				TEST_TARGET_NAME = Notes;
			};
			name = Release;
		};
/* End XCBuildConfiguration section */

/* Begin XCConfigurationList section */
		CB2E33CF28E34D6E0073FF5A /* Build configuration list for PBXProject "Notes" */ = {
			isa = XCConfigurationList;
			buildConfigurations = (
				CB2E33FC28E34D710073FF5A /* Debug */,
				CB2E33FD28E34D710073FF5A /* Release */,
			);
			defaultConfigurationIsVisible = 0;
			defaultConfigurationName = Release;
		};
		CB2E33FE28E34D710073FF5A /* Build configuration list for PBXNativeTarget "Notes" */ = {
			isa = XCConfigurationList;
			buildConfigurations = (
				CB2E33FF28E34D710073FF5A /* Debug */,
				CB2E340028E34D710073FF5A /* Release */,
			);
			defaultConfigurationIsVisible = 0;
			defaultConfigurationName = Release;
		};
		CB2E340128E34D710073FF5A /* Build configuration list for PBXNativeTarget "NotesTests" */ = {
			isa = XCConfigurationList;
			buildConfigurations = (
				CB2E340228E34D710073FF5A /* Debug */,
				CB2E340328E34D710073FF5A /* Release */,
			);
			defaultConfigurationIsVisible = 0;
			defaultConfigurationName = Release;
		};
		CB2E340428E34D710073FF5A /* Build configuration list for PBXNativeTarget "NotesUITests" */ = {
			isa = XCConfigurationList;
			buildConfigurations = (
				CB2E340528E34D710073FF5A /* Debug */,
				CB2E340628E34D710073FF5A /* Release */,
			);
			defaultConfigurationIsVisible = 0;
			defaultConfigurationName = Release;
		};
/* End XCConfigurationList section */
	};
	rootObject = CB2E33CC28E34D6E0073FF5A /* Project object */;
}
